{
  "pins" : [
    {
      "identity" : "ss-ios-test",
      "kind" : "remoteSourceControl",
      "location" : "https://github.com/Gokulkrishna-Raju/SS-IOS-TEST.git",
      "state" : {
        "branch" : "main",
        "revision" : "8b1aa6c0fb591727605c9abdcd5651aa256b9b1c"
      }
    }
  ],
  "version" : 2
}
